github.com/go-chi/chi/v5 v5.2.5 h1:Eg4myHZBjyvJmAFjFvWgrqDTXFyOzjj7YIm3L3mu6Ug=
github.com/go-chi/chi/v5 v5.2.5/go.mod h1:X7Gx4mteadT3eDOMTsXzmI4/rwUpOwBHLpAfupzFJP0=
github.com/go-chi/cors v1.2.2 h1:Jmey33TE+b+rB7fT8MUy1u0I4L+NARQlK6LhzKPSyQE=
github.com/go-chi/cors v1.2.2/go.mod h1:sSbTewc+6wYHBBCW7ytsFSn836hqM7JxpglAy2Vzc58=
github.com/toorop/go-dkim v0.0.0-20201103131630-e1cd1a0a5208 h1:PM5hJF7HVfNWmCjMdEfbuOBNXSVF2cMFGgQTPdKCbwM=
github.com/toorop/go-dkim v0.0.0-20201103131630-e1cd1a0a5208/go.mod h1:BzWtXXrXzZUvMacR0oF/fbDDgUPO8L36tDMmRAf14ns=
github.com/xhit/go-simple-mail/v2 v2.16.0 h1:ouGy/Ww4kuaqu2E2UrDw7SvLaziWTB60ICLkIkNVccA=
github.com/xhit/go-simple-mail/v2 v2.16.0/go.mod h1:b7P5ygho6SYE+VIqpxA6QkYfv4teeyG4MKqB3utRu98=
